
Microsoft Visual Studio Solution File, Format Version 12.00
# Visual Studio Version 16
VisualStudioVersion = 16.0.30128.74
MinimumVisualStudioVersion = 10.0.40219.1
Project("{9A19103F-16F7-4668-BE54-9A1E7A4F7556}") = "ITAPS-HOST", "ITAPS-HOST\ITAPS-HOST.csproj", "{71B21167-BC2C-455C-AD91-7FE4476447C5}"
EndProject
Global
	GlobalSection(SolutionConfigurationPlatforms) = preSolution
		Debug|Any CPU = Debug|Any CPU
		Release|Any CPU = Release|Any CPU
	EndGlobalSection
	GlobalSection(ProjectConfigurationPlatforms) = postSolution
		{71B21167-BC2C-455C-AD91-7FE4476447C5}.Debug|Any CPU.ActiveCfg = Debug|Any CPU
		{71B21167-BC2C-455C-AD91-7FE4476447C5}.Debug|Any CPU.Build.0 = Debug|Any CPU
		{71B21167-BC2C-455C-AD91-7FE4476447C5}.Release|Any CPU.ActiveCfg = Release|Any CPU
		{71B21167-BC2C-455C-AD91-7FE4476447C5}.Release|Any CPU.Build.0 = Release|Any CPU
	EndGlobalSection
	GlobalSection(SolutionProperties) = preSolution
		HideSolutionNode = FALSE
	EndGlobalSection
	GlobalSection(ExtensibilityGlobals) = postSolution
		SolutionGuid = {819209D3-E84F-4DBE-B6D9-03D7FD2BDAEB}
	EndGlobalSection
EndGlobal
